
Microsoft Visual Studio Solution File, Format Version 12.00
# Visual Studio 14
VisualStudioVersion = 14.0.25123.0
MinimumVisualStudioVersion = 10.0.40219.1
Project("{FAE04EC0-301F-11D3-BF4B-00C04F79EFBC}") = "LibSmtpServer", "LibSmtpServer\LibSmtpServer.csproj", "{86496BF3-8AB1-4C7F-9F69-397FA1AF3EB9}"
EndProject
Project("{FAE04EC0-301F-11D3-BF4B-00C04F79EFBC}") = "TestSmtpServer", "TestSmtpServer\TestSmtpServer.csproj", "{152F9AEA-D4BA-4408-B94C-6B37C657B4DA}"
EndProject
Project("{FAE04EC0-301F-11D3-BF4B-00C04F79EFBC}") = "LibHelper", "LibHelper\LibHelper.csproj", "{D9E2DC6B-3E54-421F-9231-A4F3A799BC4C}"
EndProject
Project("{FAE04EC0-301F-11D3-BF4B-00C04F79EFBC}") = "BauControls", "BauControls\BauControls.csproj", "{F62C525C-5A46-46E1-BD18-450ACAF06E26}"
EndProject
Project("{FAE04EC0-301F-11D3-BF4B-00C04F79EFBC}") = "DevelopSmptServer", "DevelopSmptServer\DevelopSmptServer.csproj", "{2F0B8B16-E232-46CA-9A13-EFCDFBA43886}"
EndProject
Global
	GlobalSection(SolutionConfigurationPlatforms) = preSolution
		Debug|Any CPU = Debug|Any CPU
		Release|Any CPU = Release|Any CPU
	EndGlobalSection
	GlobalSection(ProjectConfigurationPlatforms) = postSolution
		{86496BF3-8AB1-4C7F-9F69-397FA1AF3EB9}.Debug|Any CPU.ActiveCfg = Debug|Any CPU
		{86496BF3-8AB1-4C7F-9F69-397FA1AF3EB9}.Debug|Any CPU.Build.0 = Debug|Any CPU
		{86496BF3-8AB1-4C7F-9F69-397FA1AF3EB9}.Release|Any CPU.ActiveCfg = Release|Any CPU
		{86496BF3-8AB1-4C7F-9F69-397FA1AF3EB9}.Release|Any CPU.Build.0 = Release|Any CPU
		{152F9AEA-D4BA-4408-B94C-6B37C657B4DA}.Debug|Any CPU.ActiveCfg = Debug|Any CPU
		{152F9AEA-D4BA-4408-B94C-6B37C657B4DA}.Debug|Any CPU.Build.0 = Debug|Any CPU
		{152F9AEA-D4BA-4408-B94C-6B37C657B4DA}.Release|Any CPU.ActiveCfg = Release|Any CPU
		{152F9AEA-D4BA-4408-B94C-6B37C657B4DA}.Release|Any CPU.Build.0 = Release|Any CPU
		{D9E2DC6B-3E54-421F-9231-A4F3A799BC4C}.Debug|Any CPU.ActiveCfg = Debug|Any CPU
		{D9E2DC6B-3E54-421F-9231-A4F3A799BC4C}.Debug|Any CPU.Build.0 = Debug|Any CPU
		{D9E2DC6B-3E54-421F-9231-A4F3A799BC4C}.Release|Any CPU.ActiveCfg = Release|Any CPU
		{D9E2DC6B-3E54-421F-9231-A4F3A799BC4C}.Release|Any CPU.Build.0 = Release|Any CPU
		{F62C525C-5A46-46E1-BD18-450ACAF06E26}.Debug|Any CPU.ActiveCfg = Debug|Any CPU
		{F62C525C-5A46-46E1-BD18-450ACAF06E26}.Debug|Any CPU.Build.0 = Debug|Any CPU
		{F62C525C-5A46-46E1-BD18-450ACAF06E26}.Release|Any CPU.ActiveCfg = Release|Any CPU
		{F62C525C-5A46-46E1-BD18-450ACAF06E26}.Release|Any CPU.Build.0 = Release|Any CPU
		{2F0B8B16-E232-46CA-9A13-EFCDFBA43886}.Debug|Any CPU.ActiveCfg = Debug|Any CPU
		{2F0B8B16-E232-46CA-9A13-EFCDFBA43886}.Debug|Any CPU.Build.0 = Debug|Any CPU
		{2F0B8B16-E232-46CA-9A13-EFCDFBA43886}.Release|Any CPU.ActiveCfg = Release|Any CPU
		{2F0B8B16-E232-46CA-9A13-EFCDFBA43886}.Release|Any CPU.Build.0 = Release|Any CPU
	EndGlobalSection
	GlobalSection(SolutionProperties) = preSolution
		HideSolutionNode = FALSE
	EndGlobalSection
EndGlobal
